// !$*UTF8*$!
{
	archiveVersion = 1;
	classes = {
	};
	objectVersion = 46;
	objects = {

/* Begin PBXBuildFile section */
		4351D0B816B4C5DB0039FE88 /* UIKit.framework in Frameworks */ = {isa = PBXBuildFile; fileRef = 4351D0B716B4C5DB0039FE88 /* UIKit.framework */; };
		4351D0BA16B4C5DB0039FE88 /* Foundation.framework in Frameworks */ = {isa = PBXBuildFile; fileRef = 4351D0B916B4C5DB0039FE88 /* Foundation.framework */; };
		4351D0BC16B4C5DB0039FE88 /* CoreGraphics.framework in Frameworks */ = {isa = PBXBuildFile; fileRef = 4351D0BB16B4C5DB0039FE88 /* CoreGraphics.framework */; };
		4351D0C216B4C5DB0039FE88 /* InfoPlist.strings in Resources */ = {isa = PBXBuildFile; fileRef = 4351D0C016B4C5DB0039FE88 /* InfoPlist.strings */; };
		4351D0C416B4C5DB0039FE88 /* main.m in Sources */ = {isa = PBXBuildFile; fileRef = 4351D0C316B4C5DB0039FE88 /* main.m */; };
		4351D0C816B4C5DB0039FE88 /* PVAppDelegate.m in Sources */ = {isa = PBXBuildFile; fileRef = 4351D0C716B4C5DB0039FE88 /* PVAppDelegate.m */; };
		4351D0D116B4C5DB0039FE88 /* PVTrendingSitesController.m in Sources */ = {isa = PBXBuildFile; fileRef = 4351D0D016B4C5DB0039FE88 /* PVTrendingSitesController.m */; };
		4351D0D816B4C5DB0039FE88 /* PVTechnologyViewController.m in Sources */ = {isa = PBXBuildFile; fileRef = 4351D0D716B4C5DB0039FE88 /* PVTechnologyViewController.m */; };
		4351D0F016B4C6CA0039FE88 /* Default-568h@2x.png in Resources */ = {isa = PBXBuildFile; fileRef = 4351D0E916B4C6CA0039FE88 /* Default-568h@2x.png */; };
		4351D0F116B4C6CA0039FE88 /* Default.png in Resources */ = {isa = PBXBuildFile; fileRef = 4351D0EA16B4C6CA0039FE88 /* Default.png */; };
		4351D0F216B4C6CA0039FE88 /* Default@2x.png in Resources */ = {isa = PBXBuildFile; fileRef = 4351D0EB16B4C6CA0039FE88 /* Default@2x.png */; };
		4351D0FD16B4C70C0039FE88 /* PVSearchViewController.m in Sources */ = {isa = PBXBuildFile; fileRef = 4351D0FB16B4C70C0039FE88 /* PVSearchViewController.m */; };
		4351D0FE16B4C70C0039FE88 /* PVSearchViewController.xib in Resources */ = {isa = PBXBuildFile; fileRef = 4351D0FC16B4C70C0039FE88 /* PVSearchViewController.xib */; };
		4351D10116B4C71A0039FE88 /* PVTechnologyViewController.xib in Resources */ = {isa = PBXBuildFile; fileRef = 4351D0FF16B4C71A0039FE88 /* PVTechnologyViewController.xib */; };
		4351D10216B4C71A0039FE88 /* PVTrendingSitesController.xib in Resources */ = {isa = PBXBuildFile; fileRef = 4351D10016B4C71A0039FE88 /* PVTrendingSitesController.xib */; };
		4351D10616B4C7470039FE88 /* PVNearbySitesViewController.m in Sources */ = {isa = PBXBuildFile; fileRef = 4351D10416B4C7470039FE88 /* PVNearbySitesViewController.m */; };
		4351D10716B4C7470039FE88 /* PVNearbySitesViewController.xib in Resources */ = {isa = PBXBuildFile; fileRef = 4351D10516B4C7470039FE88 /* PVNearbySitesViewController.xib */; };
		4351D11016B4C9670039FE88 /* tab_nearby.png in Resources */ = {isa = PBXBuildFile; fileRef = 4351D10816B4C9670039FE88 /* tab_nearby.png */; };
		4351D11116B4C9670039FE88 /* tab_nearby@2x.png in Resources */ = {isa = PBXBuildFile; fileRef = 4351D10916B4C9670039FE88 /* tab_nearby@2x.png */; };
		4351D11216B4C9670039FE88 /* tab_search.png in Resources */ = {isa = PBXBuildFile; fileRef = 4351D10A16B4C9670039FE88 /* tab_search.png */; };
		4351D11316B4C9670039FE88 /* tab_search@2x.png in Resources */ = {isa = PBXBuildFile; fileRef = 4351D10B16B4C9670039FE88 /* tab_search@2x.png */; };
		4351D11416B4C9670039FE88 /* tab_tech.png in Resources */ = {isa = PBXBuildFile; fileRef = 4351D10C16B4C9670039FE88 /* tab_tech.png */; };
		4351D11516B4C9670039FE88 /* tab_tech@2x.png in Resources */ = {isa = PBXBuildFile; fileRef = 4351D10D16B4C9670039FE88 /* tab_tech@2x.png */; };
		4351D11616B4C9670039FE88 /* tab_trending.png in Resources */ = {isa = PBXBuildFile; fileRef = 4351D10E16B4C9670039FE88 /* tab_trending.png */; };
		4351D11716B4C9670039FE88 /* tab_trending@2x.png in Resources */ = {isa = PBXBuildFile; fileRef = 4351D10F16B4C9670039FE88 /* tab_trending@2x.png */; };
		4351D13316B4CDDA0039FE88 /* AFHTTPClient.m in Sources */ = {isa = PBXBuildFile; fileRef = 4351D12116B4CDDA0039FE88 /* AFHTTPClient.m */; };
		4351D13416B4CDDA0039FE88 /* AFHTTPRequestOperation.m in Sources */ = {isa = PBXBuildFile; fileRef = 4351D12316B4CDDA0039FE88 /* AFHTTPRequestOperation.m */; };
		4351D13516B4CDDA0039FE88 /* AFImageRequestOperation.m in Sources */ = {isa = PBXBuildFile; fileRef = 4351D12516B4CDDA0039FE88 /* AFImageRequestOperation.m */; };
		4351D13616B4CDDA0039FE88 /* AFJSONRequestOperation.m in Sources */ = {isa = PBXBuildFile; fileRef = 4351D12716B4CDDA0039FE88 /* AFJSONRequestOperation.m */; };
		4351D13716B4CDDA0039FE88 /* AFNetworkActivityIndicatorManager.m in Sources */ = {isa = PBXBuildFile; fileRef = 4351D12916B4CDDA0039FE88 /* AFNetworkActivityIndicatorManager.m */; };
		4351D13816B4CDDA0039FE88 /* AFPropertyListRequestOperation.m in Sources */ = {isa = PBXBuildFile; fileRef = 4351D12C16B4CDDA0039FE88 /* AFPropertyListRequestOperation.m */; };
		4351D13916B4CDDA0039FE88 /* AFURLConnectionOperation.m in Sources */ = {isa = PBXBuildFile; fileRef = 4351D12E16B4CDDA0039FE88 /* AFURLConnectionOperation.m */; };
		4351D13A16B4CDDA0039FE88 /* AFXMLRequestOperation.m in Sources */ = {isa = PBXBuildFile; fileRef = 4351D13016B4CDDA0039FE88 /* AFXMLRequestOperation.m */; };
		4351D13B16B4CDDA0039FE88 /* UIImageView+AFNetworking.m in Sources */ = {isa = PBXBuildFile; fileRef = 4351D13216B4CDDA0039FE88 /* UIImageView+AFNetworking.m */; };
		435E14D316B77F7500CC8DA3 /* QuartzCore.framework in Frameworks */ = {isa = PBXBuildFile; fileRef = 435E14D216B77F7500CC8DA3 /* QuartzCore.framework */; };
		435E154816B77FE200CC8DA3 /* AROverlayAnimation.m in Sources */ = {isa = PBXBuildFile; fileRef = 435E14D716B77FE100CC8DA3 /* AROverlayAnimation.m */; };
		435E154916B77FE200CC8DA3 /* ARManager.m in Sources */ = {isa = PBXBuildFile; fileRef = 435E14DA16B77FE100CC8DA3 /* ARManager.m */; };
		435E154A16B77FE200CC8DA3 /* AROverlayUtil.m in Sources */ = {isa = PBXBuildFile; fileRef = 435E14DC16B77FE100CC8DA3 /* AROverlayUtil.m */; };
		435E154C16B77FE200CC8DA3 /* ASIHTTPRequest+JSONAdditions.m in Sources */ = {isa = PBXBuildFile; fileRef = 435E14E016B77FE100CC8DA3 /* ASIHTTPRequest+JSONAdditions.m */; };
		435E154D16B77FE200CC8DA3 /* NSData+Base64Encode.m in Sources */ = {isa = PBXBuildFile; fileRef = 435E14E216B77FE100CC8DA3 /* NSData+Base64Encode.m */; };
		435E154E16B77FE200CC8DA3 /* UIView+ContentScaling.m in Sources */ = {isa = PBXBuildFile; fileRef = 435E14E416B77FE100CC8DA3 /* UIView+ContentScaling.m */; };
		435E154F16B77FE200CC8DA3 /* UIViewAdditions.m in Sources */ = {isa = PBXBuildFile; fileRef = 435E14E616B77FE100CC8DA3 /* UIViewAdditions.m */; };
		435E155016B77FE200CC8DA3 /* AROverlayCreatorViewController.m in Sources */ = {isa = PBXBuildFile; fileRef = 435E14E916B77FE100CC8DA3 /* AROverlayCreatorViewController.m */; };
		435E155116B77FE200CC8DA3 /* AROverlayCreatorViewController.xib in Resources */ = {isa = PBXBuildFile; fileRef = 435E14EA16B77FE100CC8DA3 /* AROverlayCreatorViewController.xib */; };
		435E155216B77FE200CC8DA3 /* AROverlayDataEditorViewController.m in Sources */ = {isa = PBXBuildFile; fileRef = 435E14EC16B77FE100CC8DA3 /* AROverlayDataEditorViewController.m */; };
		435E155316B77FE200CC8DA3 /* AROverlayDataEditorViewController.xib in Resources */ = {isa = PBXBuildFile; fileRef = 435E14ED16B77FE100CC8DA3 /* AROverlayDataEditorViewController.xib */; };
		435E155416B77FE200CC8DA3 /* ARPhotoViewController.m in Sources */ = {isa = PBXBuildFile; fileRef = 435E14EF16B77FE100CC8DA3 /* ARPhotoViewController.m */; };
		435E155516B77FE200CC8DA3 /* ARPhotoViewController.xib in Resources */ = {isa = PBXBuildFile; fileRef = 435E14F016B77FE100CC8DA3 /* ARPhotoViewController.xib */; };
		435E155716B77FE200CC8DA3 /* ASIAuthenticationDialog.m in Sources */ = {isa = PBXBuildFile; fileRef = 435E14F616B77FE100CC8DA3 /* ASIAuthenticationDialog.m */; settings = {COMPILER_FLAGS = "-fno-objc-arc"; }; };
		435E155816B77FE200CC8DA3 /* ASIDataCompressor.m in Sources */ = {isa = PBXBuildFile; fileRef = 435E14F916B77FE100CC8DA3 /* ASIDataCompressor.m */; settings = {COMPILER_FLAGS = "-fno-objc-arc"; }; };
		435E155916B77FE200CC8DA3 /* ASIDataDecompressor.m in Sources */ = {isa = PBXBuildFile; fileRef = 435E14FB16B77FE100CC8DA3 /* ASIDataDecompressor.m */; settings = {COMPILER_FLAGS = "-fno-objc-arc"; }; };
		435E155A16B77FE200CC8DA3 /* ASIDownloadCache.m in Sources */ = {isa = PBXBuildFile; fileRef = 435E14FD16B77FE100CC8DA3 /* ASIDownloadCache.m */; settings = {COMPILER_FLAGS = "-fno-objc-arc"; }; };
		435E155B16B77FE200CC8DA3 /* ASIFormDataRequest.m in Sources */ = {isa = PBXBuildFile; fileRef = 435E14FF16B77FE100CC8DA3 /* ASIFormDataRequest.m */; settings = {COMPILER_FLAGS = "-fno-objc-arc"; }; };
		435E155C16B77FE200CC8DA3 /* ASIHTTPRequest.m in Sources */ = {isa = PBXBuildFile; fileRef = 435E150116B77FE100CC8DA3 /* ASIHTTPRequest.m */; settings = {COMPILER_FLAGS = "-fno-objc-arc"; }; };
		435E155D16B77FE200CC8DA3 /* ASIInputStream.m in Sources */ = {isa = PBXBuildFile; fileRef = 435E150516B77FE100CC8DA3 /* ASIInputStream.m */; settings = {COMPILER_FLAGS = "-fno-objc-arc"; }; };
		435E155E16B77FE200CC8DA3 /* ASINetworkQueue.m in Sources */ = {isa = PBXBuildFile; fileRef = 435E150716B77FE100CC8DA3 /* ASINetworkQueue.m */; settings = {COMPILER_FLAGS = "-fno-objc-arc"; }; };
		435E156116B77FE200CC8DA3 /* README-GHUnit in Resources */ = {isa = PBXBuildFile; fileRef = 435E151016B77FE100CC8DA3 /* README-GHUnit */; };
		435E156216B77FE200CC8DA3 /* Reachability.m in Sources */ = {isa = PBXBuildFile; fileRef = 435E151316B77FE100CC8DA3 /* Reachability.m */; settings = {COMPILER_FLAGS = "-fno-objc-arc"; }; };
		435E156316B77FE200CC8DA3 /* NSObject+SBJSON.m in Sources */ = {isa = PBXBuildFile; fileRef = 435E151716B77FE100CC8DA3 /* NSObject+SBJSON.m */; settings = {COMPILER_FLAGS = "-fno-objc-arc"; }; };
		435E156416B77FE200CC8DA3 /* NSString+SBJSON.m in Sources */ = {isa = PBXBuildFile; fileRef = 435E151916B77FE100CC8DA3 /* NSString+SBJSON.m */; settings = {COMPILER_FLAGS = "-fno-objc-arc"; }; };
		435E156516B77FE200CC8DA3 /* SBJSON.m in Sources */ = {isa = PBXBuildFile; fileRef = 435E151B16B77FE100CC8DA3 /* SBJSON.m */; settings = {COMPILER_FLAGS = "-fno-objc-arc"; }; };
		435E156616B77FE200CC8DA3 /* SBJsonBase.m in Sources */ = {isa = PBXBuildFile; fileRef = 435E151D16B77FE100CC8DA3 /* SBJsonBase.m */; settings = {COMPILER_FLAGS = "-fno-objc-arc"; }; };
		435E156716B77FE200CC8DA3 /* SBJsonParser.m in Sources */ = {isa = PBXBuildFile; fileRef = 435E151F16B77FE100CC8DA3 /* SBJsonParser.m */; settings = {COMPILER_FLAGS = "-fno-objc-arc"; }; };
		435E156816B77FE200CC8DA3 /* SBJsonWriter.m in Sources */ = {isa = PBXBuildFile; fileRef = 435E152116B77FE100CC8DA3 /* SBJsonWriter.m */; settings = {COMPILER_FLAGS = "-fno-objc-arc"; }; };
		435E156A16B77FE200CC8DA3 /* ARAugmentedPhoto.m in Sources */ = {isa = PBXBuildFile; fileRef = 435E152516B77FE100CC8DA3 /* ARAugmentedPhoto.m */; };
		435E156B16B77FE200CC8DA3 /* AROverlay.m in Sources */ = {isa = PBXBuildFile; fileRef = 435E152716B77FE100CC8DA3 /* AROverlay.m */; };
		435E156C16B77FE200CC8DA3 /* AROverlayPoint.m in Sources */ = {isa = PBXBuildFile; fileRef = 435E152916B77FE100CC8DA3 /* AROverlayPoint.m */; };
		435E156D16B77FE200CC8DA3 /* ARSite.m in Sources */ = {isa = PBXBuildFile; fileRef = 435E152B16B77FE100CC8DA3 /* ARSite.m */; };
		435E156E16B77FE200CC8DA3 /* ARSiteImage.m in Sources */ = {isa = PBXBuildFile; fileRef = 435E152D16B77FE100CC8DA3 /* ARSiteImage.m */; };
		435E156F16B77FE200CC8DA3 /* ARSiteOverlayPoint.m in Sources */ = {isa = PBXBuildFile; fileRef = 435E152F16B77FE100CC8DA3 /* ARSiteOverlayPoint.m */; };
		435E157116B77FE200CC8DA3 /* AdOverlayView.m in Sources */ = {isa = PBXBuildFile; fileRef = 435E153516B77FE100CC8DA3 /* AdOverlayView.m */; };
		435E157216B77FE200CC8DA3 /* ARAugmentedView.m in Sources */ = {isa = PBXBuildFile; fileRef = 435E153716B77FE100CC8DA3 /* ARAugmentedView.m */; };
		435E157316B77FE200CC8DA3 /* AROverlayBuilderAnnotationView.m in Sources */ = {isa = PBXBuildFile; fileRef = 435E153916B77FE100CC8DA3 /* AROverlayBuilderAnnotationView.m */; };
		435E157416B77FE200CC8DA3 /* AROverlayBuilderView.m in Sources */ = {isa = PBXBuildFile; fileRef = 435E153B16B77FE200CC8DA3 /* AROverlayBuilderView.m */; };
		435E157516B77FE200CC8DA3 /* AROverlayView.m in Sources */ = {isa = PBXBuildFile; fileRef = 435E153D16B77FE200CC8DA3 /* AROverlayView.m */; };
		435E157616B77FE200CC8DA3 /* CachedImageView.m in Sources */ = {isa = PBXBuildFile; fileRef = 435E153F16B77FE200CC8DA3 /* CachedImageView.m */; };
		435E157716B77FE200CC8DA3 /* GRCameraOverlayView.m in Sources */ = {isa = PBXBuildFile; fileRef = 435E154116B77FE200CC8DA3 /* GRCameraOverlayView.m */; };
		435E157816B77FE200CC8DA3 /* GridCellView.m in Sources */ = {isa = PBXBuildFile; fileRef = 435E154316B77FE200CC8DA3 /* GridCellView.m */; };
		435E157916B77FE200CC8DA3 /* GridView.m in Sources */ = {isa = PBXBuildFile; fileRef = 435E154516B77FE200CC8DA3 /* GridView.m */; };
		435E157A16B77FE200CC8DA3 /* PointCloudView.m in Sources */ = {isa = PBXBuildFile; fileRef = 435E154716B77FE200CC8DA3 /* PointCloudView.m */; };
		435E157E16B7807D00CC8DA3 /* OpenGLES.framework in Frameworks */ = {isa = PBXBuildFile; fileRef = 435E157D16B7807D00CC8DA3 /* OpenGLES.framework */; };
		435E158316B7809500CC8DA3 /* CFNetwork.framework in Frameworks */ = {isa = PBXBuildFile; fileRef = 435E158216B7809500CC8DA3 /* CFNetwork.framework */; };
		435E158516B7809E00CC8DA3 /* CoreLocation.framework in Frameworks */ = {isa = PBXBuildFile; fileRef = 435E158416B7809E00CC8DA3 /* CoreLocation.framework */; };
		435E158716B780A200CC8DA3 /* SystemConfiguration.framework in Frameworks */ = {isa = PBXBuildFile; fileRef = 435E158616B780A200CC8DA3 /* SystemConfiguration.framework */; };
		435E158916B780A800CC8DA3 /* libz.dylib in Frameworks */ = {isa = PBXBuildFile; fileRef = 435E158816B780A800CC8DA3 /* libz.dylib */; };
		435E158B16B780C100CC8DA3 /* GLKit.framework in Frameworks */ = {isa = PBXBuildFile; fileRef = 435E158A16B780C100CC8DA3 /* GLKit.framework */; };
		435E158D16B780CD00CC8DA3 /* MediaPlayer.framework in Frameworks */ = {isa = PBXBuildFile; fileRef = 435E158C16B780CD00CC8DA3 /* MediaPlayer.framework */; };
		435E158F16B780E600CC8DA3 /* MobileCoreServices.framework in Frameworks */ = {isa = PBXBuildFile; fileRef = 435E158E16B780E500CC8DA3 /* MobileCoreServices.framework */; };
/* End PBXBuildFile section */

/* Begin PBXFileReference section */
		4351D0B316B4C5DB0039FE88 /* PARViewer.app */ = {isa = PBXFileReference; explicitFileType = wrapper.application; includeInIndex = 0; path = PARViewer.app; sourceTree = BUILT_PRODUCTS_DIR; };
		4351D0B716B4C5DB0039FE88 /* UIKit.framework */ = {isa = PBXFileReference; lastKnownFileType = wrapper.framework; name = UIKit.framework; path = System/Library/Frameworks/UIKit.framework; sourceTree = SDKROOT; };
		4351D0B916B4C5DB0039FE88 /* Foundation.framework */ = {isa = PBXFileReference; lastKnownFileType = wrapper.framework; name = Foundation.framework; path = System/Library/Frameworks/Foundation.framework; sourceTree = SDKROOT; };
		4351D0BB16B4C5DB0039FE88 /* CoreGraphics.framework */ = {isa = PBXFileReference; lastKnownFileType = wrapper.framework; name = CoreGraphics.framework; path = System/Library/Frameworks/CoreGraphics.framework; sourceTree = SDKROOT; };
		4351D0BF16B4C5DB0039FE88 /* PARViewer-Info.plist */ = {isa = PBXFileReference; lastKnownFileType = text.plist.xml; path = "PARViewer-Info.plist"; sourceTree = "<group>"; };
		4351D0C116B4C5DB0039FE88 /* en */ = {isa = PBXFileReference; lastKnownFileType = text.plist.strings; name = en; path = en.lproj/InfoPlist.strings; sourceTree = "<group>"; };
		4351D0C316B4C5DB0039FE88 /* main.m */ = {isa = PBXFileReference; lastKnownFileType = sourcecode.c.objc; path = main.m; sourceTree = "<group>"; };
		4351D0C516B4C5DB0039FE88 /* PARViewer-Prefix.pch */ = {isa = PBXFileReference; lastKnownFileType = sourcecode.c.h; path = "PARViewer-Prefix.pch"; sourceTree = "<group>"; };
		4351D0C616B4C5DB0039FE88 /* PVAppDelegate.h */ = {isa = PBXFileReference; lastKnownFileType = sourcecode.c.h; path = PVAppDelegate.h; sourceTree = "<group>"; };
		4351D0C716B4C5DB0039FE88 /* PVAppDelegate.m */ = {isa = PBXFileReference; lastKnownFileType = sourcecode.c.objc; path = PVAppDelegate.m; sourceTree = "<group>"; };
		4351D0CF16B4C5DB0039FE88 /* PVTrendingSitesController.h */ = {isa = PBXFileReference; lastKnownFileType = sourcecode.c.h; path = PVTrendingSitesController.h; sourceTree = "<group>"; };
		4351D0D016B4C5DB0039FE88 /* PVTrendingSitesController.m */ = {isa = PBXFileReference; lastKnownFileType = sourcecode.c.objc; path = PVTrendingSitesController.m; sourceTree = "<group>"; };
		4351D0D616B4C5DB0039FE88 /* PVTechnologyViewController.h */ = {isa = PBXFileReference; lastKnownFileType = sourcecode.c.h; path = PVTechnologyViewController.h; sourceTree = "<group>"; };
		4351D0D716B4C5DB0039FE88 /* PVTechnologyViewController.m */ = {isa = PBXFileReference; lastKnownFileType = sourcecode.c.objc; path = PVTechnologyViewController.m; sourceTree = "<group>"; };
		4351D0E916B4C6CA0039FE88 /* Default-568h@2x.png */ = {isa = PBXFileReference; lastKnownFileType = image.png; path = "Default-568h@2x.png"; sourceTree = "<group>"; };
		4351D0EA16B4C6CA0039FE88 /* Default.png */ = {isa = PBXFileReference; lastKnownFileType = image.png; path = Default.png; sourceTree = "<group>"; };
		4351D0EB16B4C6CA0039FE88 /* Default@2x.png */ = {isa = PBXFileReference; lastKnownFileType = image.png; path = "Default@2x.png"; sourceTree = "<group>"; };
		4351D0FA16B4C70C0039FE88 /* PVSearchViewController.h */ = {isa = PBXFileReference; fileEncoding = 4; lastKnownFileType = sourcecode.c.h; path = PVSearchViewController.h; sourceTree = "<group>"; };
		4351D0FB16B4C70C0039FE88 /* PVSearchViewController.m */ = {isa = PBXFileReference; fileEncoding = 4; lastKnownFileType = sourcecode.c.objc; path = PVSearchViewController.m; sourceTree = "<group>"; };
		4351D0FC16B4C70C0039FE88 /* PVSearchViewController.xib */ = {isa = PBXFileReference; fileEncoding = 4; lastKnownFileType = file.xib; path = PVSearchViewController.xib; sourceTree = "<group>"; };
		4351D0FF16B4C71A0039FE88 /* PVTechnologyViewController.xib */ = {isa = PBXFileReference; fileEncoding = 4; lastKnownFileType = file.xib; path = PVTechnologyViewController.xib; sourceTree = "<group>"; };
		4351D10016B4C71A0039FE88 /* PVTrendingSitesController.xib */ = {isa = PBXFileReference; fileEncoding = 4; lastKnownFileType = file.xib; path = PVTrendingSitesController.xib; sourceTree = "<group>"; };
		4351D10316B4C7470039FE88 /* PVNearbySitesViewController.h */ = {isa = PBXFileReference; fileEncoding = 4; lastKnownFileType = sourcecode.c.h; path = PVNearbySitesViewController.h; sourceTree = "<group>"; };
		4351D10416B4C7470039FE88 /* PVNearbySitesViewController.m */ = {isa = PBXFileReference; fileEncoding = 4; lastKnownFileType = sourcecode.c.objc; path = PVNearbySitesViewController.m; sourceTree = "<group>"; };
		4351D10516B4C7470039FE88 /* PVNearbySitesViewController.xib */ = {isa = PBXFileReference; fileEncoding = 4; lastKnownFileType = file.xib; path = PVNearbySitesViewController.xib; sourceTree = "<group>"; };
		4351D10816B4C9670039FE88 /* tab_nearby.png */ = {isa = PBXFileReference; lastKnownFileType = image.png; path = tab_nearby.png; sourceTree = "<group>"; };
		4351D10916B4C9670039FE88 /* tab_nearby@2x.png */ = {isa = PBXFileReference; lastKnownFileType = image.png; path = "tab_nearby@2x.png"; sourceTree = "<group>"; };
		4351D10A16B4C9670039FE88 /* tab_search.png */ = {isa = PBXFileReference; lastKnownFileType = image.png; path = tab_search.png; sourceTree = "<group>"; };
		4351D10B16B4C9670039FE88 /* tab_search@2x.png */ = {isa = PBXFileReference; lastKnownFileType = image.png; path = "tab_search@2x.png"; sourceTree = "<group>"; };
		4351D10C16B4C9670039FE88 /* tab_tech.png */ = {isa = PBXFileReference; lastKnownFileType = image.png; path = tab_tech.png; sourceTree = "<group>"; };
		4351D10D16B4C9670039FE88 /* tab_tech@2x.png */ = {isa = PBXFileReference; lastKnownFileType = image.png; path = "tab_tech@2x.png"; sourceTree = "<group>"; };
		4351D10E16B4C9670039FE88 /* tab_trending.png */ = {isa = PBXFileReference; lastKnownFileType = image.png; path = tab_trending.png; sourceTree = "<group>"; };
		4351D10F16B4C9670039FE88 /* tab_trending@2x.png */ = {isa = PBXFileReference; lastKnownFileType = image.png; path = "tab_trending@2x.png"; sourceTree = "<group>"; };
		4351D12016B4CDDA0039FE88 /* AFHTTPClient.h */ = {isa = PBXFileReference; fileEncoding = 4; lastKnownFileType = sourcecode.c.h; path = AFHTTPClient.h; sourceTree = "<group>"; };
		4351D12116B4CDDA0039FE88 /* AFHTTPClient.m */ = {isa = PBXFileReference; fileEncoding = 4; lastKnownFileType = sourcecode.c.objc; path = AFHTTPClient.m; sourceTree = "<group>"; };
		4351D12216B4CDDA0039FE88 /* AFHTTPRequestOperation.h */ = {isa = PBXFileReference; fileEncoding = 4; lastKnownFileType = sourcecode.c.h; path = AFHTTPRequestOperation.h; sourceTree = "<group>"; };
		4351D12316B4CDDA0039FE88 /* AFHTTPRequestOperation.m */ = {isa = PBXFileReference; fileEncoding = 4; lastKnownFileType = sourcecode.c.objc; path = AFHTTPRequestOperation.m; sourceTree = "<group>"; };
		4351D12416B4CDDA0039FE88 /* AFImageRequestOperation.h */ = {isa = PBXFileReference; fileEncoding = 4; lastKnownFileType = sourcecode.c.h; path = AFImageRequestOperation.h; sourceTree = "<group>"; };
		4351D12516B4CDDA0039FE88 /* AFImageRequestOperation.m */ = {isa = PBXFileReference; fileEncoding = 4; lastKnownFileType = sourcecode.c.objc; path = AFImageRequestOperation.m; sourceTree = "<group>"; };
		4351D12616B4CDDA0039FE88 /* AFJSONRequestOperation.h */ = {isa = PBXFileReference; fileEncoding = 4; lastKnownFileType = sourcecode.c.h; path = AFJSONRequestOperation.h; sourceTree = "<group>"; };
		4351D12716B4CDDA0039FE88 /* AFJSONRequestOperation.m */ = {isa = PBXFileReference; fileEncoding = 4; lastKnownFileType = sourcecode.c.objc; path = AFJSONRequestOperation.m; sourceTree = "<group>"; };
		4351D12816B4CDDA0039FE88 /* AFNetworkActivityIndicatorManager.h */ = {isa = PBXFileReference; fileEncoding = 4; lastKnownFileType = sourcecode.c.h; path = AFNetworkActivityIndicatorManager.h; sourceTree = "<group>"; };
		4351D12916B4CDDA0039FE88 /* AFNetworkActivityIndicatorManager.m */ = {isa = PBXFileReference; fileEncoding = 4; lastKnownFileType = sourcecode.c.objc; path = AFNetworkActivityIndicatorManager.m; sourceTree = "<group>"; };
		4351D12A16B4CDDA0039FE88 /* AFNetworking.h */ = {isa = PBXFileReference; fileEncoding = 4; lastKnownFileType = sourcecode.c.h; path = AFNetworking.h; sourceTree = "<group>"; };
		4351D12B16B4CDDA0039FE88 /* AFPropertyListRequestOperation.h */ = {isa = PBXFileReference; fileEncoding = 4; lastKnownFileType = sourcecode.c.h; path = AFPropertyListRequestOperation.h; sourceTree = "<group>"; };
		4351D12C16B4CDDA0039FE88 /* AFPropertyListRequestOperation.m */ = {isa = PBXFileReference; fileEncoding = 4; lastKnownFileType = sourcecode.c.objc; path = AFPropertyListRequestOperation.m; sourceTree = "<group>"; };
		4351D12D16B4CDDA0039FE88 /* AFURLConnectionOperation.h */ = {isa = PBXFileReference; fileEncoding = 4; lastKnownFileType = sourcecode.c.h; path = AFURLConnectionOperation.h; sourceTree = "<group>"; };
		4351D12E16B4CDDA0039FE88 /* AFURLConnectionOperation.m */ = {isa = PBXFileReference; fileEncoding = 4; lastKnownFileType = sourcecode.c.objc; path = AFURLConnectionOperation.m; sourceTree = "<group>"; };
		4351D12F16B4CDDA0039FE88 /* AFXMLRequestOperation.h */ = {isa = PBXFileReference; fileEncoding = 4; lastKnownFileType = sourcecode.c.h; path = AFXMLRequestOperation.h; sourceTree = "<group>"; };
		4351D13016B4CDDA0039FE88 /* AFXMLRequestOperation.m */ = {isa = PBXFileReference; fileEncoding = 4; lastKnownFileType = sourcecode.c.objc; path = AFXMLRequestOperation.m; sourceTree = "<group>"; };
		4351D13116B4CDDA0039FE88 /* UIImageView+AFNetworking.h */ = {isa = PBXFileReference; fileEncoding = 4; lastKnownFileType = sourcecode.c.h; path = "UIImageView+AFNetworking.h"; sourceTree = "<group>"; };
		4351D13216B4CDDA0039FE88 /* UIImageView+AFNetworking.m */ = {isa = PBXFileReference; fileEncoding = 4; lastKnownFileType = sourcecode.c.objc; path = "UIImageView+AFNetworking.m"; sourceTree = "<group>"; };
		435E14D216B77F7500CC8DA3 /* QuartzCore.framework */ = {isa = PBXFileReference; lastKnownFileType = wrapper.framework; name = QuartzCore.framework; path = System/Library/Frameworks/QuartzCore.framework; sourceTree = SDKROOT; };
		435E14D616B77FE100CC8DA3 /* AROverlayAnimation.h */ = {isa = PBXFileReference; fileEncoding = 4; lastKnownFileType = sourcecode.c.h; path = AROverlayAnimation.h; sourceTree = "<group>"; };
		435E14D716B77FE100CC8DA3 /* AROverlayAnimation.m */ = {isa = PBXFileReference; fileEncoding = 4; lastKnownFileType = sourcecode.c.objc; path = AROverlayAnimation.m; sourceTree = "<group>"; };
		435E14D816B77FE100CC8DA3 /* ARConstants.h */ = {isa = PBXFileReference; fileEncoding = 4; lastKnownFileType = sourcecode.c.h; path = ARConstants.h; sourceTree = "<group>"; };
		435E14D916B77FE100CC8DA3 /* ARManager.h */ = {isa = PBXFileReference; fileEncoding = 4; lastKnownFileType = sourcecode.c.h; path = ARManager.h; sourceTree = "<group>"; };
		435E14DA16B77FE100CC8DA3 /* ARManager.m */ = {isa = PBXFileReference; fileEncoding = 4; lastKnownFileType = sourcecode.c.objc; path = ARManager.m; sourceTree = "<group>"; };
		435E14DB16B77FE100CC8DA3 /* AROverlayUtil.h */ = {isa = PBXFileReference; fileEncoding = 4; lastKnownFileType = sourcecode.c.h; path = AROverlayUtil.h; sourceTree = "<group>"; };
		435E14DC16B77FE100CC8DA3 /* AROverlayUtil.m */ = {isa = PBXFileReference; fileEncoding = 4; lastKnownFileType = sourcecode.c.objc; path = AROverlayUtil.m; sourceTree = "<group>"; };
		435E14DF16B77FE100CC8DA3 /* ASIHTTPRequest+JSONAdditions.h */ = {isa = PBXFileReference; fileEncoding = 4; lastKnownFileType = sourcecode.c.h; path = "ASIHTTPRequest+JSONAdditions.h"; sourceTree = "<group>"; };
		435E14E016B77FE100CC8DA3 /* ASIHTTPRequest+JSONAdditions.m */ = {isa = PBXFileReference; fileEncoding = 4; lastKnownFileType = sourcecode.c.objc; path = "ASIHTTPRequest+JSONAdditions.m"; sourceTree = "<group>"; };
		435E14E116B77FE100CC8DA3 /* NSData+Base64Encode.h */ = {isa = PBXFileReference; fileEncoding = 4; lastKnownFileType = sourcecode.c.h; path = "NSData+Base64Encode.h"; sourceTree = "<group>"; };
		435E14E216B77FE100CC8DA3 /* NSData+Base64Encode.m */ = {isa = PBXFileReference; fileEncoding = 4; lastKnownFileType = sourcecode.c.objc; path = "NSData+Base64Encode.m"; sourceTree = "<group>"; };
		435E14E316B77FE100CC8DA3 /* UIView+ContentScaling.h */ = {isa = PBXFileReference; fileEncoding = 4; lastKnownFileType = sourcecode.c.h; path = "UIView+ContentScaling.h"; sourceTree = "<group>"; };
		435E14E416B77FE100CC8DA3 /* UIView+ContentScaling.m */ = {isa = PBXFileReference; fileEncoding = 4; lastKnownFileType = sourcecode.c.objc; path = "UIView+ContentScaling.m"; sourceTree = "<group>"; };
		435E14E516B77FE100CC8DA3 /* UIViewAdditions.h */ = {isa = PBXFileReference; fileEncoding = 4; lastKnownFileType = sourcecode.c.h; path = UIViewAdditions.h; sourceTree = "<group>"; };
		435E14E616B77FE100CC8DA3 /* UIViewAdditions.m */ = {isa = PBXFileReference; fileEncoding = 4; lastKnownFileType = sourcecode.c.objc; path = UIViewAdditions.m; sourceTree = "<group>"; };
		435E14E816B77FE100CC8DA3 /* AROverlayCreatorViewController.h */ = {isa = PBXFileReference; fileEncoding = 4; lastKnownFileType = sourcecode.c.h; path = AROverlayCreatorViewController.h; sourceTree = "<group>"; };
		435E14E916B77FE100CC8DA3 /* AROverlayCreatorViewController.m */ = {isa = PBXFileReference; fileEncoding = 4; lastKnownFileType = sourcecode.c.objc; path = AROverlayCreatorViewController.m; sourceTree = "<group>"; };
		435E14EA16B77FE100CC8DA3 /* AROverlayCreatorViewController.xib */ = {isa = PBXFileReference; fileEncoding = 4; lastKnownFileType = file.xib; path = AROverlayCreatorViewController.xib; sourceTree = "<group>"; };
		435E14EB16B77FE100CC8DA3 /* AROverlayDataEditorViewController.h */ = {isa = PBXFileReference; fileEncoding = 4; lastKnownFileType = sourcecode.c.h; path = AROverlayDataEditorViewController.h; sourceTree = "<group>"; };
		435E14EC16B77FE100CC8DA3 /* AROverlayDataEditorViewController.m */ = {isa = PBXFileReference; fileEncoding = 4; lastKnownFileType = sourcecode.c.objc; path = AROverlayDataEditorViewController.m; sourceTree = "<group>"; };
		435E14ED16B77FE100CC8DA3 /* AROverlayDataEditorViewController.xib */ = {isa = PBXFileReference; fileEncoding = 4; lastKnownFileType = file.xib; path = AROverlayDataEditorViewController.xib; sourceTree = "<group>"; };
		435E14EE16B77FE100CC8DA3 /* ARPhotoViewController.h */ = {isa = PBXFileReference; fileEncoding = 4; lastKnownFileType = sourcecode.c.h; path = ARPhotoViewController.h; sourceTree = "<group>"; };
		435E14EF16B77FE100CC8DA3 /* ARPhotoViewController.m */ = {isa = PBXFileReference; fileEncoding = 4; lastKnownFileType = sourcecode.c.objc; path = ARPhotoViewController.m; sourceTree = "<group>"; };
		435E14F016B77FE100CC8DA3 /* ARPhotoViewController.xib */ = {isa = PBXFileReference; fileEncoding = 4; lastKnownFileType = file.xib; path = ARPhotoViewController.xib; sourceTree = "<group>"; };
		435E14F516B77FE100CC8DA3 /* ASIAuthenticationDialog.h */ = {isa = PBXFileReference; fileEncoding = 4; lastKnownFileType = sourcecode.c.h; path = ASIAuthenticationDialog.h; sourceTree = "<group>"; };
		435E14F616B77FE100CC8DA3 /* ASIAuthenticationDialog.m */ = {isa = PBXFileReference; fileEncoding = 4; lastKnownFileType = sourcecode.c.objc; path = ASIAuthenticationDialog.m; sourceTree = "<group>"; };
		435E14F716B77FE100CC8DA3 /* ASICacheDelegate.h */ = {isa = PBXFileReference; fileEncoding = 4; lastKnownFileType = sourcecode.c.h; path = ASICacheDelegate.h; sourceTree = "<group>"; };
		435E14F816B77FE100CC8DA3 /* ASIDataCompressor.h */ = {isa = PBXFileReference; fileEncoding = 4; lastKnownFileType = sourcecode.c.h; path = ASIDataCompressor.h; sourceTree = "<group>"; };
		435E14F916B77FE100CC8DA3 /* ASIDataCompressor.m */ = {isa = PBXFileReference; fileEncoding = 4; lastKnownFileType = sourcecode.c.objc; path = ASIDataCompressor.m; sourceTree = "<group>"; };
		435E14FA16B77FE100CC8DA3 /* ASIDataDecompressor.h */ = {isa = PBXFileReference; fileEncoding = 4; lastKnownFileType = sourcecode.c.h; path = ASIDataDecompressor.h; sourceTree = "<group>"; };
		435E14FB16B77FE100CC8DA3 /* ASIDataDecompressor.m */ = {isa = PBXFileReference; fileEncoding = 4; lastKnownFileType = sourcecode.c.objc; path = ASIDataDecompressor.m; sourceTree = "<group>"; };
		435E14FC16B77FE100CC8DA3 /* ASIDownloadCache.h */ = {isa = PBXFileReference; fileEncoding = 4; lastKnownFileType = sourcecode.c.h; path = ASIDownloadCache.h; sourceTree = "<group>"; };
		435E14FD16B77FE100CC8DA3 /* ASIDownloadCache.m */ = {isa = PBXFileReference; fileEncoding = 4; lastKnownFileType = sourcecode.c.objc; path = ASIDownloadCache.m; sourceTree = "<group>"; };
		435E14FE16B77FE100CC8DA3 /* ASIFormDataRequest.h */ = {isa = PBXFileReference; fileEncoding = 4; lastKnownFileType = sourcecode.c.h; path = ASIFormDataRequest.h; sourceTree = "<group>"; };
		435E14FF16B77FE100CC8DA3 /* ASIFormDataRequest.m */ = {isa = PBXFileReference; fileEncoding = 4; lastKnownFileType = sourcecode.c.objc; path = ASIFormDataRequest.m; sourceTree = "<group>"; };
		435E150016B77FE100CC8DA3 /* ASIHTTPRequest.h */ = {isa = PBXFileReference; fileEncoding = 4; lastKnownFileType = sourcecode.c.h; path = ASIHTTPRequest.h; sourceTree = "<group>"; };
		435E150116B77FE100CC8DA3 /* ASIHTTPRequest.m */ = {isa = PBXFileReference; fileEncoding = 4; lastKnownFileType = sourcecode.c.objc; path = ASIHTTPRequest.m; sourceTree = "<group>"; };
		435E150216B77FE100CC8DA3 /* ASIHTTPRequestConfig.h */ = {isa = PBXFileReference; fileEncoding = 4; lastKnownFileType = sourcecode.c.h; path = ASIHTTPRequestConfig.h; sourceTree = "<group>"; };
		435E150316B77FE100CC8DA3 /* ASIHTTPRequestDelegate.h */ = {isa = PBXFileReference; fileEncoding = 4; lastKnownFileType = sourcecode.c.h; path = ASIHTTPRequestDelegate.h; sourceTree = "<group>"; };
		435E150416B77FE100CC8DA3 /* ASIInputStream.h */ = {isa = PBXFileReference; fileEncoding = 4; lastKnownFileType = sourcecode.c.h; path = ASIInputStream.h; sourceTree = "<group>"; };
		435E150516B77FE100CC8DA3 /* ASIInputStream.m */ = {isa = PBXFileReference; fileEncoding = 4; lastKnownFileType = sourcecode.c.objc; path = ASIInputStream.m; sourceTree = "<group>"; };
		435E150616B77FE100CC8DA3 /* ASINetworkQueue.h */ = {isa = PBXFileReference; fileEncoding = 4; lastKnownFileType = sourcecode.c.h; path = ASINetworkQueue.h; sourceTree = "<group>"; };
		435E150716B77FE100CC8DA3 /* ASINetworkQueue.m */ = {isa = PBXFileReference; fileEncoding = 4; lastKnownFileType = sourcecode.c.objc; path = ASINetworkQueue.m; sourceTree = "<group>"; };
		435E150816B77FE100CC8DA3 /* ASIProgressDelegate.h */ = {isa = PBXFileReference; fileEncoding = 4; lastKnownFileType = sourcecode.c.h; path = ASIProgressDelegate.h; sourceTree = "<group>"; };
		435E151016B77FE100CC8DA3 /* README-GHUnit */ = {isa = PBXFileReference; fileEncoding = 4; lastKnownFileType = text; path = "README-GHUnit"; sourceTree = "<group>"; };
		435E151216B77FE100CC8DA3 /* Reachability.h */ = {isa = PBXFileReference; fileEncoding = 4; lastKnownFileType = sourcecode.c.h; path = Reachability.h; sourceTree = "<group>"; };
		435E151316B77FE100CC8DA3 /* Reachability.m */ = {isa = PBXFileReference; fileEncoding = 4; lastKnownFileType = sourcecode.c.objc; path = Reachability.m; sourceTree = "<group>"; };
		435E151516B77FE100CC8DA3 /* JSON.h */ = {isa = PBXFileReference; fileEncoding = 4; lastKnownFileType = sourcecode.c.h; path = JSON.h; sourceTree = "<group>"; };
		435E151616B77FE100CC8DA3 /* NSObject+SBJSON.h */ = {isa = PBXFileReference; fileEncoding = 4; lastKnownFileType = sourcecode.c.h; path = "NSObject+SBJSON.h"; sourceTree = "<group>"; };
		435E151716B77FE100CC8DA3 /* NSObject+SBJSON.m */ = {isa = PBXFileReference; fileEncoding = 4; lastKnownFileType = sourcecode.c.objc; path = "NSObject+SBJSON.m"; sourceTree = "<group>"; };
		435E151816B77FE100CC8DA3 /* NSString+SBJSON.h */ = {isa = PBXFileReference; fileEncoding = 4; lastKnownFileType = sourcecode.c.h; path = "NSString+SBJSON.h"; sourceTree = "<group>"; };
		435E151916B77FE100CC8DA3 /* NSString+SBJSON.m */ = {isa = PBXFileReference; fileEncoding = 4; lastKnownFileType = sourcecode.c.objc; path = "NSString+SBJSON.m"; sourceTree = "<group>"; };
		435E151A16B77FE100CC8DA3 /* SBJSON.h */ = {isa = PBXFileReference; fileEncoding = 4; lastKnownFileType = sourcecode.c.h; path = SBJSON.h; sourceTree = "<group>"; };
		435E151B16B77FE100CC8DA3 /* SBJSON.m */ = {isa = PBXFileReference; fileEncoding = 4; lastKnownFileType = sourcecode.c.objc; path = SBJSON.m; sourceTree = "<group>"; };
		435E151C16B77FE100CC8DA3 /* SBJsonBase.h */ = {isa = PBXFileReference; fileEncoding = 4; lastKnownFileType = sourcecode.c.h; path = SBJsonBase.h; sourceTree = "<group>"; };
		435E151D16B77FE100CC8DA3 /* SBJsonBase.m */ = {isa = PBXFileReference; fileEncoding = 4; lastKnownFileType = sourcecode.c.objc; path = SBJsonBase.m; sourceTree = "<group>"; };
		435E151E16B77FE100CC8DA3 /* SBJsonParser.h */ = {isa = PBXFileReference; fileEncoding = 4; lastKnownFileType = sourcecode.c.h; path = SBJsonParser.h; sourceTree = "<group>"; };
		435E151F16B77FE100CC8DA3 /* SBJsonParser.m */ = {isa = PBXFileReference; fileEncoding = 4; lastKnownFileType = sourcecode.c.objc; path = SBJsonParser.m; sourceTree = "<group>"; };
		435E152016B77FE100CC8DA3 /* SBJsonWriter.h */ = {isa = PBXFileReference; fileEncoding = 4; lastKnownFileType = sourcecode.c.h; path = SBJsonWriter.h; sourceTree = "<group>"; };
		435E152116B77FE100CC8DA3 /* SBJsonWriter.m */ = {isa = PBXFileReference; fileEncoding = 4; lastKnownFileType = sourcecode.c.objc; path = SBJsonWriter.m; sourceTree = "<group>"; };
		435E152416B77FE100CC8DA3 /* ARAugmentedPhoto.h */ = {isa = PBXFileReference; fileEncoding = 4; lastKnownFileType = sourcecode.c.h; path = ARAugmentedPhoto.h; sourceTree = "<group>"; };
		435E152516B77FE100CC8DA3 /* ARAugmentedPhoto.m */ = {isa = PBXFileReference; fileEncoding = 4; lastKnownFileType = sourcecode.c.objc; path = ARAugmentedPhoto.m; sourceTree = "<group>"; };
		435E152616B77FE100CC8DA3 /* AROverlay.h */ = {isa = PBXFileReference; fileEncoding = 4; lastKnownFileType = sourcecode.c.h; path = AROverlay.h; sourceTree = "<group>"; };
		435E152716B77FE100CC8DA3 /* AROverlay.m */ = {isa = PBXFileReference; fileEncoding = 4; lastKnownFileType = sourcecode.c.objc; path = AROverlay.m; sourceTree = "<group>"; };
		435E152816B77FE100CC8DA3 /* AROverlayPoint.h */ = {isa = PBXFileReference; fileEncoding = 4; lastKnownFileType = sourcecode.c.h; path = AROverlayPoint.h; sourceTree = "<group>"; };
		435E152916B77FE100CC8DA3 /* AROverlayPoint.m */ = {isa = PBXFileReference; fileEncoding = 4; lastKnownFileType = sourcecode.c.objc; path = AROverlayPoint.m; sourceTree = "<group>"; };
		435E152A16B77FE100CC8DA3 /* ARSite.h */ = {isa = PBXFileReference; fileEncoding = 4; lastKnownFileType = sourcecode.c.h; path = ARSite.h; sourceTree = "<group>"; };
		435E152B16B77FE100CC8DA3 /* ARSite.m */ = {isa = PBXFileReference; fileEncoding = 4; lastKnownFileType = sourcecode.c.objc; path = ARSite.m; sourceTree = "<group>"; };
		435E152C16B77FE100CC8DA3 /* ARSiteImage.h */ = {isa = PBXFileReference; fileEncoding = 4; lastKnownFileType = sourcecode.c.h; path = ARSiteImage.h; sourceTree = "<group>"; };
		435E152D16B77FE100CC8DA3 /* ARSiteImage.m */ = {isa = PBXFileReference; fileEncoding = 4; lastKnownFileType = sourcecode.c.objc; path = ARSiteImage.m; sourceTree = "<group>"; };
		435E152E16B77FE100CC8DA3 /* ARSiteOverlayPoint.h */ = {isa = PBXFileReference; fileEncoding = 4; lastKnownFileType = sourcecode.c.h; path = ARSiteOverlayPoint.h; sourceTree = "<group>"; };
		435E152F16B77FE100CC8DA3 /* ARSiteOverlayPoint.m */ = {isa = PBXFileReference; fileEncoding = 4; lastKnownFileType = sourcecode.c.objc; path = ARSiteOverlayPoint.m; sourceTree = "<group>"; };
		435E153216B77FE100CC8DA3 /* PARWorks.h */ = {isa = PBXFileReference; fileEncoding = 4; lastKnownFileType = sourcecode.c.h; path = PARWorks.h; sourceTree = "<group>"; };
		435E153416B77FE100CC8DA3 /* AdOverlayView.h */ = {isa = PBXFileReference; fileEncoding = 4; lastKnownFileType = sourcecode.c.h; path = AdOverlayView.h; sourceTree = "<group>"; };
		435E153516B77FE100CC8DA3 /* AdOverlayView.m */ = {isa = PBXFileReference; fileEncoding = 4; lastKnownFileType = sourcecode.c.objc; path = AdOverlayView.m; sourceTree = "<group>"; };
		435E153616B77FE100CC8DA3 /* ARAugmentedView.h */ = {isa = PBXFileReference; fileEncoding = 4; lastKnownFileType = sourcecode.c.h; path = ARAugmentedView.h; sourceTree = "<group>"; };
		435E153716B77FE100CC8DA3 /* ARAugmentedView.m */ = {isa = PBXFileReference; fileEncoding = 4; lastKnownFileType = sourcecode.c.objc; path = ARAugmentedView.m; sourceTree = "<group>"; };
		435E153816B77FE100CC8DA3 /* AROverlayBuilderAnnotationView.h */ = {isa = PBXFileReference; fileEncoding = 4; lastKnownFileType = sourcecode.c.h; path = AROverlayBuilderAnnotationView.h; sourceTree = "<group>"; };
		435E153916B77FE100CC8DA3 /* AROverlayBuilderAnnotationView.m */ = {isa = PBXFileReference; fileEncoding = 4; lastKnownFileType = sourcecode.c.objc; path = AROverlayBuilderAnnotationView.m; sourceTree = "<group>"; };
		435E153A16B77FE200CC8DA3 /* AROverlayBuilderView.h */ = {isa = PBXFileReference; fileEncoding = 4; lastKnownFileType = sourcecode.c.h; path = AROverlayBuilderView.h; sourceTree = "<group>"; };
		435E153B16B77FE200CC8DA3 /* AROverlayBuilderView.m */ = {isa = PBXFileReference; fileEncoding = 4; lastKnownFileType = sourcecode.c.objc; path = AROverlayBuilderView.m; sourceTree = "<group>"; };
		435E153C16B77FE200CC8DA3 /* AROverlayView.h */ = {isa = PBXFileReference; fileEncoding = 4; lastKnownFileType = sourcecode.c.h; path = AROverlayView.h; sourceTree = "<group>"; };
		435E153D16B77FE200CC8DA3 /* AROverlayView.m */ = {isa = PBXFileReference; fileEncoding = 4; lastKnownFileType = sourcecode.c.objc; path = AROverlayView.m; sourceTree = "<group>"; };
		435E153E16B77FE200CC8DA3 /* CachedImageView.h */ = {isa = PBXFileReference; fileEncoding = 4; lastKnownFileType = sourcecode.c.h; path = CachedImageView.h; sourceTree = "<group>"; };
		435E153F16B77FE200CC8DA3 /* CachedImageView.m */ = {isa = PBXFileReference; fileEncoding = 4; lastKnownFileType = sourcecode.c.objc; path = CachedImageView.m; sourceTree = "<group>"; };
		435E154016B77FE200CC8DA3 /* GRCameraOverlayView.h */ = {isa = PBXFileReference; fileEncoding = 4; lastKnownFileType = sourcecode.c.h; path = GRCameraOverlayView.h; sourceTree = "<group>"; };
		435E154116B77FE200CC8DA3 /* GRCameraOverlayView.m */ = {isa = PBXFileReference; fileEncoding = 4; lastKnownFileType = sourcecode.c.objc; path = GRCameraOverlayView.m; sourceTree = "<group>"; };
		435E154216B77FE200CC8DA3 /* GridCellView.h */ = {isa = PBXFileReference; fileEncoding = 4; lastKnownFileType = sourcecode.c.h; path = GridCellView.h; sourceTree = "<group>"; };
		435E154316B77FE200CC8DA3 /* GridCellView.m */ = {isa = PBXFileReference; fileEncoding = 4; lastKnownFileType = sourcecode.c.objc; path = GridCellView.m; sourceTree = "<group>"; };
		435E154416B77FE200CC8DA3 /* GridView.h */ = {isa = PBXFileReference; fileEncoding = 4; lastKnownFileType = sourcecode.c.h; path = GridView.h; sourceTree = "<group>"; };
		435E154516B77FE200CC8DA3 /* GridView.m */ = {isa = PBXFileReference; fileEncoding = 4; lastKnownFileType = sourcecode.c.objc; path = GridView.m; sourceTree = "<group>"; };
		435E154616B77FE200CC8DA3 /* PointCloudView.h */ = {isa = PBXFileReference; fileEncoding = 4; lastKnownFileType = sourcecode.c.h; path = PointCloudView.h; sourceTree = "<group>"; };
		435E154716B77FE200CC8DA3 /* PointCloudView.m */ = {isa = PBXFileReference; fileEncoding = 4; lastKnownFileType = sourcecode.c.objc; path = PointCloudView.m; sourceTree = "<group>"; };
		435E157B16B7805800CC8DA3 /* CoreFoundation.framework */ = {isa = PBXFileReference; lastKnownFileType = wrapper.framework; name = CoreFoundation.framework; path = System/Library/Frameworks/CoreFoundation.framework; sourceTree = SDKROOT; };
		435E157D16B7807D00CC8DA3 /* OpenGLES.framework */ = {isa = PBXFileReference; lastKnownFileType = wrapper.framework; name = OpenGLES.framework; path = System/Library/Frameworks/OpenGLES.framework; sourceTree = SDKROOT; };
		435E158016B7808B00CC8DA3 /* Security.framework */ = {isa = PBXFileReference; lastKnownFileType = wrapper.framework; name = Security.framework; path = System/Library/Frameworks/Security.framework; sourceTree = SDKROOT; };
		435E158216B7809500CC8DA3 /* CFNetwork.framework */ = {isa = PBXFileReference; lastKnownFileType = wrapper.framework; name = CFNetwork.framework; path = System/Library/Frameworks/CFNetwork.framework; sourceTree = SDKROOT; };
		435E158416B7809E00CC8DA3 /* CoreLocation.framework */ = {isa = PBXFileReference; lastKnownFileType = wrapper.framework; name = CoreLocation.framework; path = System/Library/Frameworks/CoreLocation.framework; sourceTree = SDKROOT; };
		435E158616B780A200CC8DA3 /* SystemConfiguration.framework */ = {isa = PBXFileReference; lastKnownFileType = wrapper.framework; name = SystemConfiguration.framework; path = System/Library/Frameworks/SystemConfiguration.framework; sourceTree = SDKROOT; };
		435E158816B780A800CC8DA3 /* libz.dylib */ = {isa = PBXFileReference; lastKnownFileType = "compiled.mach-o.dylib"; name = libz.dylib; path = usr/lib/libz.dylib; sourceTree = SDKROOT; };
		435E158A16B780C100CC8DA3 /* GLKit.framework */ = {isa = PBXFileReference; lastKnownFileType = wrapper.framework; name = GLKit.framework; path = System/Library/Frameworks/GLKit.framework; sourceTree = SDKROOT; };
		435E158C16B780CD00CC8DA3 /* MediaPlayer.framework */ = {isa = PBXFileReference; lastKnownFileType = wrapper.framework; name = MediaPlayer.framework; path = System/Library/Frameworks/MediaPlayer.framework; sourceTree = SDKROOT; };
		435E158E16B780E500CC8DA3 /* MobileCoreServices.framework */ = {isa = PBXFileReference; lastKnownFileType = wrapper.framework; name = MobileCoreServices.framework; path = System/Library/Frameworks/MobileCoreServices.framework; sourceTree = SDKROOT; };
/* End PBXFileReference section */

/* Begin PBXFrameworksBuildPhase section */
		4351D0B016B4C5DB0039FE88 /* Frameworks */ = {
			isa = PBXFrameworksBuildPhase;
			buildActionMask = 2147483647;
			files = (
				435E158F16B780E600CC8DA3 /* MobileCoreServices.framework in Frameworks */,
				435E158D16B780CD00CC8DA3 /* MediaPlayer.framework in Frameworks */,
				435E158B16B780C100CC8DA3 /* GLKit.framework in Frameworks */,
				435E158916B780A800CC8DA3 /* libz.dylib in Frameworks */,
				435E158716B780A200CC8DA3 /* SystemConfiguration.framework in Frameworks */,
				435E158516B7809E00CC8DA3 /* CoreLocation.framework in Frameworks */,
				435E158316B7809500CC8DA3 /* CFNetwork.framework in Frameworks */,
				435E157E16B7807D00CC8DA3 /* OpenGLES.framework in Frameworks */,
				435E14D316B77F7500CC8DA3 /* QuartzCore.framework in Frameworks */,
				4351D0B816B4C5DB0039FE88 /* UIKit.framework in Frameworks */,
				4351D0BA16B4C5DB0039FE88 /* Foundation.framework in Frameworks */,
				4351D0BC16B4C5DB0039FE88 /* CoreGraphics.framework in Frameworks */,
			);
			runOnlyForDeploymentPostprocessing = 0;
		};
/* End PBXFrameworksBuildPhase section */

/* Begin PBXGroup section */
		4351D0A816B4C5DB0039FE88 = {
			isa = PBXGroup;
			children = (
				435E158E16B780E500CC8DA3 /* MobileCoreServices.framework */,
				435E158C16B780CD00CC8DA3 /* MediaPlayer.framework */,
				435E158A16B780C100CC8DA3 /* GLKit.framework */,
				435E158816B780A800CC8DA3 /* libz.dylib */,
				435E158616B780A200CC8DA3 /* SystemConfiguration.framework */,
				435E158416B7809E00CC8DA3 /* CoreLocation.framework */,
				435E158216B7809500CC8DA3 /* CFNetwork.framework */,
				435E158016B7808B00CC8DA3 /* Security.framework */,
				435E157D16B7807D00CC8DA3 /* OpenGLES.framework */,
				435E157B16B7805800CC8DA3 /* CoreFoundation.framework */,
				435E14D216B77F7500CC8DA3 /* QuartzCore.framework */,
				4351D0BD16B4C5DB0039FE88 /* PARViewer */,
				4351D0E816B4C6CA0039FE88 /* Resources */,
				4351D0B616B4C5DB0039FE88 /* Frameworks */,
				4351D0B416B4C5DB0039FE88 /* Products */,
			);
			sourceTree = "<group>";
		};
		4351D0B416B4C5DB0039FE88 /* Products */ = {
			isa = PBXGroup;
			children = (
				4351D0B316B4C5DB0039FE88 /* PARViewer.app */,
			);
			name = Products;
			sourceTree = "<group>";
		};
		4351D0B616B4C5DB0039FE88 /* Frameworks */ = {
			isa = PBXGroup;
			children = (
				4351D0B716B4C5DB0039FE88 /* UIKit.framework */,
				4351D0B916B4C5DB0039FE88 /* Foundation.framework */,
				4351D0BB16B4C5DB0039FE88 /* CoreGraphics.framework */,
			);
			name = Frameworks;
			sourceTree = "<group>";
		};
		4351D0BD16B4C5DB0039FE88 /* PARViewer */ = {
			isa = PBXGroup;
			children = (
				435E14D416B77FE100CC8DA3 /* AR Core */,
				4351D11F16B4CDDA0039FE88 /* AFNetworking */,
				4351D13C16B4CDEF0039FE88 /* Model */,
				4351D0C616B4C5DB0039FE88 /* PVAppDelegate.h */,
				4351D0C716B4C5DB0039FE88 /* PVAppDelegate.m */,
				4351D0FA16B4C70C0039FE88 /* PVSearchViewController.h */,
				4351D0FB16B4C70C0039FE88 /* PVSearchViewController.m */,
				4351D0FC16B4C70C0039FE88 /* PVSearchViewController.xib */,
				4351D10316B4C7470039FE88 /* PVNearbySitesViewController.h */,
				4351D10416B4C7470039FE88 /* PVNearbySitesViewController.m */,
				4351D10516B4C7470039FE88 /* PVNearbySitesViewController.xib */,
				4351D0CF16B4C5DB0039FE88 /* PVTrendingSitesController.h */,
				4351D0D016B4C5DB0039FE88 /* PVTrendingSitesController.m */,
				4351D10016B4C71A0039FE88 /* PVTrendingSitesController.xib */,
				4351D0D616B4C5DB0039FE88 /* PVTechnologyViewController.h */,
				4351D0D716B4C5DB0039FE88 /* PVTechnologyViewController.m */,
				4351D0FF16B4C71A0039FE88 /* PVTechnologyViewController.xib */,
				4351D0BE16B4C5DB0039FE88 /* Supporting Files */,
			);
			path = PARViewer;
			sourceTree = "<group>";
		};
		4351D0BE16B4C5DB0039FE88 /* Supporting Files */ = {
			isa = PBXGroup;
			children = (
				4351D0BF16B4C5DB0039FE88 /* PARViewer-Info.plist */,
				4351D0C016B4C5DB0039FE88 /* InfoPlist.strings */,
				4351D0C316B4C5DB0039FE88 /* main.m */,
				4351D0C516B4C5DB0039FE88 /* PARViewer-Prefix.pch */,
			);
			name = "Supporting Files";
			sourceTree = "<group>";
		};
		4351D0E816B4C6CA0039FE88 /* Resources */ = {
			isa = PBXGroup;
			children = (
				4351D0E916B4C6CA0039FE88 /* Default-568h@2x.png */,
				4351D0EA16B4C6CA0039FE88 /* Default.png */,
				4351D0EB16B4C6CA0039FE88 /* Default@2x.png */,
				4351D10816B4C9670039FE88 /* tab_nearby.png */,
				4351D10916B4C9670039FE88 /* tab_nearby@2x.png */,
				4351D10A16B4C9670039FE88 /* tab_search.png */,
				4351D10B16B4C9670039FE88 /* tab_search@2x.png */,
				4351D10C16B4C9670039FE88 /* tab_tech.png */,
				4351D10D16B4C9670039FE88 /* tab_tech@2x.png */,
				4351D10E16B4C9670039FE88 /* tab_trending.png */,
				4351D10F16B4C9670039FE88 /* tab_trending@2x.png */,
			);
			path = Resources;
			sourceTree = "<group>";
		};
		4351D11F16B4CDDA0039FE88 /* AFNetworking */ = {
			isa = PBXGroup;
			children = (
				4351D12016B4CDDA0039FE88 /* AFHTTPClient.h */,
				4351D12116B4CDDA0039FE88 /* AFHTTPClient.m */,
				4351D12216B4CDDA0039FE88 /* AFHTTPRequestOperation.h */,
				4351D12316B4CDDA0039FE88 /* AFHTTPRequestOperation.m */,
				4351D12416B4CDDA0039FE88 /* AFImageRequestOperation.h */,
				4351D12516B4CDDA0039FE88 /* AFImageRequestOperation.m */,
				4351D12616B4CDDA0039FE88 /* AFJSONRequestOperation.h */,
				4351D12716B4CDDA0039FE88 /* AFJSONRequestOperation.m */,
				4351D12816B4CDDA0039FE88 /* AFNetworkActivityIndicatorManager.h */,
				4351D12916B4CDDA0039FE88 /* AFNetworkActivityIndicatorManager.m */,
				4351D12A16B4CDDA0039FE88 /* AFNetworking.h */,
				4351D12B16B4CDDA0039FE88 /* AFPropertyListRequestOperation.h */,
				4351D12C16B4CDDA0039FE88 /* AFPropertyListRequestOperation.m */,
				4351D12D16B4CDDA0039FE88 /* AFURLConnectionOperation.h */,
				4351D12E16B4CDDA0039FE88 /* AFURLConnectionOperation.m */,
				4351D12F16B4CDDA0039FE88 /* AFXMLRequestOperation.h */,
				4351D13016B4CDDA0039FE88 /* AFXMLRequestOperation.m */,
				4351D13116B4CDDA0039FE88 /* UIImageView+AFNetworking.h */,
				4351D13216B4CDDA0039FE88 /* UIImageView+AFNetworking.m */,
			);
			name = AFNetworking;
			path = ../Submodules/AFNetworking/AFNetworking;
			sourceTree = "<group>";
		};
		4351D13C16B4CDEF0039FE88 /* Model */ = {
			isa = PBXGroup;
			children = (
			);
			name = Model;
			sourceTree = "<group>";
		};
		435E14D416B77FE100CC8DA3 /* AR Core */ = {
			isa = PBXGroup;
			children = (
				435E153216B77FE100CC8DA3 /* PARWorks.h */,
				435E14D516B77FE100CC8DA3 /* Animations */,
				435E14D816B77FE100CC8DA3 /* ARConstants.h */,
				435E14D916B77FE100CC8DA3 /* ARManager.h */,
				435E14DA16B77FE100CC8DA3 /* ARManager.m */,
				435E14DB16B77FE100CC8DA3 /* AROverlayUtil.h */,
				435E14DC16B77FE100CC8DA3 /* AROverlayUtil.m */,
				435E14DE16B77FE100CC8DA3 /* Categories */,
				435E14E716B77FE100CC8DA3 /* Controllers */,
				435E14F216B77FE100CC8DA3 /* Libraries */,
				435E152316B77FE100CC8DA3 /* Models */,
				435E153316B77FE100CC8DA3 /* Views */,
			);
			name = "AR Core";
			path = "../../PARWorks-iOS/SDK/AR Core";
			sourceTree = "<group>";
		};
		435E14D516B77FE100CC8DA3 /* Animations */ = {
			isa = PBXGroup;
			children = (
				435E14D616B77FE100CC8DA3 /* AROverlayAnimation.h */,
				435E14D716B77FE100CC8DA3 /* AROverlayAnimation.m */,
			);
			path = Animations;
			sourceTree = "<group>";
		};
		435E14DE16B77FE100CC8DA3 /* Categories */ = {
			isa = PBXGroup;
			children = (
				435E14DF16B77FE100CC8DA3 /* ASIHTTPRequest+JSONAdditions.h */,
				435E14E016B77FE100CC8DA3 /* ASIHTTPRequest+JSONAdditions.m */,
				435E14E116B77FE100CC8DA3 /* NSData+Base64Encode.h */,
				435E14E216B77FE100CC8DA3 /* NSData+Base64Encode.m */,
				435E14E316B77FE100CC8DA3 /* UIView+ContentScaling.h */,
				435E14E416B77FE100CC8DA3 /* UIView+ContentScaling.m */,
				435E14E516B77FE100CC8DA3 /* UIViewAdditions.h */,
				435E14E616B77FE100CC8DA3 /* UIViewAdditions.m */,
			);
			path = Categories;
			sourceTree = "<group>";
		};
		435E14E716B77FE100CC8DA3 /* Controllers */ = {
			isa = PBXGroup;
			children = (
				435E14E816B77FE100CC8DA3 /* AROverlayCreatorViewController.h */,
				435E14E916B77FE100CC8DA3 /* AROverlayCreatorViewController.m */,
				435E14EA16B77FE100CC8DA3 /* AROverlayCreatorViewController.xib */,
				435E14EB16B77FE100CC8DA3 /* AROverlayDataEditorViewController.h */,
				435E14EC16B77FE100CC8DA3 /* AROverlayDataEditorViewController.m */,
				435E14ED16B77FE100CC8DA3 /* AROverlayDataEditorViewController.xib */,
				435E14EE16B77FE100CC8DA3 /* ARPhotoViewController.h */,
				435E14EF16B77FE100CC8DA3 /* ARPhotoViewController.m */,
				435E14F016B77FE100CC8DA3 /* ARPhotoViewController.xib */,
			);
			path = Controllers;
			sourceTree = "<group>";
		};
		435E14F216B77FE100CC8DA3 /* Libraries */ = {
			isa = PBXGroup;
			children = (
				435E14F316B77FE100CC8DA3 /* ASI */,
				435E151416B77FE100CC8DA3 /* JSON */,
			);
			path = Libraries;
			sourceTree = "<group>";
		};
		435E14F316B77FE100CC8DA3 /* ASI */ = {
			isa = PBXGroup;
			children = (
				435E14F416B77FE100CC8DA3 /* Classes */,
				435E150E16B77FE100CC8DA3 /* External */,
			);
			path = ASI;
			sourceTree = "<group>";
		};
		435E14F416B77FE100CC8DA3 /* Classes */ = {
			isa = PBXGroup;
			children = (
				435E14F516B77FE100CC8DA3 /* ASIAuthenticationDialog.h */,
				435E14F616B77FE100CC8DA3 /* ASIAuthenticationDialog.m */,
				435E14F716B77FE100CC8DA3 /* ASICacheDelegate.h */,
				435E14F816B77FE100CC8DA3 /* ASIDataCompressor.h */,
				435E14F916B77FE100CC8DA3 /* ASIDataCompressor.m */,
				435E14FA16B77FE100CC8DA3 /* ASIDataDecompressor.h */,
				435E14FB16B77FE100CC8DA3 /* ASIDataDecompressor.m */,
				435E14FC16B77FE100CC8DA3 /* ASIDownloadCache.h */,
				435E14FD16B77FE100CC8DA3 /* ASIDownloadCache.m */,
				435E14FE16B77FE100CC8DA3 /* ASIFormDataRequest.h */,
				435E14FF16B77FE100CC8DA3 /* ASIFormDataRequest.m */,
				435E150016B77FE100CC8DA3 /* ASIHTTPRequest.h */,
				435E150116B77FE100CC8DA3 /* ASIHTTPRequest.m */,
				435E150216B77FE100CC8DA3 /* ASIHTTPRequestConfig.h */,
				435E150316B77FE100CC8DA3 /* ASIHTTPRequestDelegate.h */,
				435E150416B77FE100CC8DA3 /* ASIInputStream.h */,
				435E150516B77FE100CC8DA3 /* ASIInputStream.m */,
				435E150616B77FE100CC8DA3 /* ASINetworkQueue.h */,
				435E150716B77FE100CC8DA3 /* ASINetworkQueue.m */,
				435E150816B77FE100CC8DA3 /* ASIProgressDelegate.h */,
			);
			path = Classes;
			sourceTree = "<group>";
		};
		435E150E16B77FE100CC8DA3 /* External */ = {
			isa = PBXGroup;
			children = (
				435E150F16B77FE100CC8DA3 /* GHUnit */,
				435E151116B77FE100CC8DA3 /* Reachability */,
			);
			path = External;
			sourceTree = "<group>";
		};
		435E150F16B77FE100CC8DA3 /* GHUnit */ = {
			isa = PBXGroup;
			children = (
				435E151016B77FE100CC8DA3 /* README-GHUnit */,
			);
			path = GHUnit;
			sourceTree = "<group>";
		};
		435E151116B77FE100CC8DA3 /* Reachability */ = {
			isa = PBXGroup;
			children = (
				435E151216B77FE100CC8DA3 /* Reachability.h */,
				435E151316B77FE100CC8DA3 /* Reachability.m */,
			);
			path = Reachability;
			sourceTree = "<group>";
		};
		435E151416B77FE100CC8DA3 /* JSON */ = {
			isa = PBXGroup;
			children = (
				435E151516B77FE100CC8DA3 /* JSON.h */,
				435E151616B77FE100CC8DA3 /* NSObject+SBJSON.h */,
				435E151716B77FE100CC8DA3 /* NSObject+SBJSON.m */,
				435E151816B77FE100CC8DA3 /* NSString+SBJSON.h */,
				435E151916B77FE100CC8DA3 /* NSString+SBJSON.m */,
				435E151A16B77FE100CC8DA3 /* SBJSON.h */,
				435E151B16B77FE100CC8DA3 /* SBJSON.m */,
				435E151C16B77FE100CC8DA3 /* SBJsonBase.h */,
				435E151D16B77FE100CC8DA3 /* SBJsonBase.m */,
				435E151E16B77FE100CC8DA3 /* SBJsonParser.h */,
				435E151F16B77FE100CC8DA3 /* SBJsonParser.m */,
				435E152016B77FE100CC8DA3 /* SBJsonWriter.h */,
				435E152116B77FE100CC8DA3 /* SBJsonWriter.m */,
			);
			path = JSON;
			sourceTree = "<group>";
		};
		435E152316B77FE100CC8DA3 /* Models */ = {
			isa = PBXGroup;
			children = (
				435E152416B77FE100CC8DA3 /* ARAugmentedPhoto.h */,
				435E152516B77FE100CC8DA3 /* ARAugmentedPhoto.m */,
				435E152616B77FE100CC8DA3 /* AROverlay.h */,
				435E152716B77FE100CC8DA3 /* AROverlay.m */,
				435E152816B77FE100CC8DA3 /* AROverlayPoint.h */,
				435E152916B77FE100CC8DA3 /* AROverlayPoint.m */,
				435E152A16B77FE100CC8DA3 /* ARSite.h */,
				435E152B16B77FE100CC8DA3 /* ARSite.m */,
				435E152C16B77FE100CC8DA3 /* ARSiteImage.h */,
				435E152D16B77FE100CC8DA3 /* ARSiteImage.m */,
				435E152E16B77FE100CC8DA3 /* ARSiteOverlayPoint.h */,
				435E152F16B77FE100CC8DA3 /* ARSiteOverlayPoint.m */,
			);
			path = Models;
			sourceTree = "<group>";
		};
		435E153316B77FE100CC8DA3 /* Views */ = {
			isa = PBXGroup;
			children = (
				435E153416B77FE100CC8DA3 /* AdOverlayView.h */,
				435E153516B77FE100CC8DA3 /* AdOverlayView.m */,
				435E153616B77FE100CC8DA3 /* ARAugmentedView.h */,
				435E153716B77FE100CC8DA3 /* ARAugmentedView.m */,
				435E153816B77FE100CC8DA3 /* AROverlayBuilderAnnotationView.h */,
				435E153916B77FE100CC8DA3 /* AROverlayBuilderAnnotationView.m */,
				435E153A16B77FE200CC8DA3 /* AROverlayBuilderView.h */,
				435E153B16B77FE200CC8DA3 /* AROverlayBuilderView.m */,
				435E153C16B77FE200CC8DA3 /* AROverlayView.h */,
				435E153D16B77FE200CC8DA3 /* AROverlayView.m */,
				435E153E16B77FE200CC8DA3 /* CachedImageView.h */,
				435E153F16B77FE200CC8DA3 /* CachedImageView.m */,
				435E154016B77FE200CC8DA3 /* GRCameraOverlayView.h */,
				435E154116B77FE200CC8DA3 /* GRCameraOverlayView.m */,
				435E154216B77FE200CC8DA3 /* GridCellView.h */,
				435E154316B77FE200CC8DA3 /* GridCellView.m */,
				435E154416B77FE200CC8DA3 /* GridView.h */,
				435E154516B77FE200CC8DA3 /* GridView.m */,
				435E154616B77FE200CC8DA3 /* PointCloudView.h */,
				435E154716B77FE200CC8DA3 /* PointCloudView.m */,
			);
			path = Views;
			sourceTree = "<group>";
		};
/* End PBXGroup section */

/* Begin PBXNativeTarget section */
		4351D0B216B4C5DB0039FE88 /* PARViewer */ = {
			isa = PBXNativeTarget;
			buildConfigurationList = 4351D0E516B4C5DB0039FE88 /* Build configuration list for PBXNativeTarget "PARViewer" */;
			buildPhases = (
				4351D0AF16B4C5DB0039FE88 /* Sources */,
				4351D0B016B4C5DB0039FE88 /* Frameworks */,
				4351D0B116B4C5DB0039FE88 /* Resources */,
			);
			buildRules = (
			);
			dependencies = (
			);
			name = PARViewer;
			productName = PARViewer;
			productReference = 4351D0B316B4C5DB0039FE88 /* PARViewer.app */;
			productType = "com.apple.product-type.application";
		};
/* End PBXNativeTarget section */

/* Begin PBXProject section */
		4351D0AA16B4C5DB0039FE88 /* Project object */ = {
			isa = PBXProject;
			attributes = {
				CLASSPREFIX = PV;
				LastUpgradeCheck = 0450;
				ORGANIZATIONNAME = "Ben Gotow";
			};
			buildConfigurationList = 4351D0AD16B4C5DB0039FE88 /* Build configuration list for PBXProject "PARViewer" */;
			compatibilityVersion = "Xcode 3.2";
			developmentRegion = English;
			hasScannedForEncodings = 0;
			knownRegions = (
				en,
			);
			mainGroup = 4351D0A816B4C5DB0039FE88;
			productRefGroup = 4351D0B416B4C5DB0039FE88 /* Products */;
			projectDirPath = "";
			projectRoot = "";
			targets = (
				4351D0B216B4C5DB0039FE88 /* PARViewer */,
			);
		};
/* End PBXProject section */

/* Begin PBXResourcesBuildPhase section */
		4351D0B116B4C5DB0039FE88 /* Resources */ = {
			isa = PBXResourcesBuildPhase;
			buildActionMask = 2147483647;
			files = (
				4351D0C216B4C5DB0039FE88 /* InfoPlist.strings in Resources */,
				4351D0F016B4C6CA0039FE88 /* Default-568h@2x.png in Resources */,
				4351D0F116B4C6CA0039FE88 /* Default.png in Resources */,
				4351D0F216B4C6CA0039FE88 /* Default@2x.png in Resources */,
				4351D0FE16B4C70C0039FE88 /* PVSearchViewController.xib in Resources */,
				4351D10116B4C71A0039FE88 /* PVTechnologyViewController.xib in Resources */,
				4351D10216B4C71A0039FE88 /* PVTrendingSitesController.xib in Resources */,
				4351D10716B4C7470039FE88 /* PVNearbySitesViewController.xib in Resources */,
				4351D11016B4C9670039FE88 /* tab_nearby.png in Resources */,
				4351D11116B4C9670039FE88 /* tab_nearby@2x.png in Resources */,
				4351D11216B4C9670039FE88 /* tab_search.png in Resources */,
				4351D11316B4C9670039FE88 /* tab_search@2x.png in Resources */,
				4351D11416B4C9670039FE88 /* tab_tech.png in Resources */,
				4351D11516B4C9670039FE88 /* tab_tech@2x.png in Resources */,
				4351D11616B4C9670039FE88 /* tab_trending.png in Resources */,
				4351D11716B4C9670039FE88 /* tab_trending@2x.png in Resources */,
				435E155116B77FE200CC8DA3 /* AROverlayCreatorViewController.xib in Resources */,
				435E155316B77FE200CC8DA3 /* AROverlayDataEditorViewController.xib in Resources */,
				435E155516B77FE200CC8DA3 /* ARPhotoViewController.xib in Resources */,
				435E156116B77FE200CC8DA3 /* README-GHUnit in Resources */,
			);
			runOnlyForDeploymentPostprocessing = 0;
		};
/* End PBXResourcesBuildPhase section */

/* Begin PBXSourcesBuildPhase section */
		4351D0AF16B4C5DB0039FE88 /* Sources */ = {
			isa = PBXSourcesBuildPhase;
			buildActionMask = 2147483647;
			files = (
				4351D0C416B4C5DB0039FE88 /* main.m in Sources */,
				4351D0C816B4C5DB0039FE88 /* PVAppDelegate.m in Sources */,
				4351D0D116B4C5DB0039FE88 /* PVTrendingSitesController.m in Sources */,
				4351D0D816B4C5DB0039FE88 /* PVTechnologyViewController.m in Sources */,
				4351D0FD16B4C70C0039FE88 /* PVSearchViewController.m in Sources */,
				4351D10616B4C7470039FE88 /* PVNearbySitesViewController.m in Sources */,
				4351D13316B4CDDA0039FE88 /* AFHTTPClient.m in Sources */,
				4351D13416B4CDDA0039FE88 /* AFHTTPRequestOperation.m in Sources */,
				4351D13516B4CDDA0039FE88 /* AFImageRequestOperation.m in Sources */,
				4351D13616B4CDDA0039FE88 /* AFJSONRequestOperation.m in Sources */,
				4351D13716B4CDDA0039FE88 /* AFNetworkActivityIndicatorManager.m in Sources */,
				4351D13816B4CDDA0039FE88 /* AFPropertyListRequestOperation.m in Sources */,
				4351D13916B4CDDA0039FE88 /* AFURLConnectionOperation.m in Sources */,
				4351D13A16B4CDDA0039FE88 /* AFXMLRequestOperation.m in Sources */,
				4351D13B16B4CDDA0039FE88 /* UIImageView+AFNetworking.m in Sources */,
				435E154816B77FE200CC8DA3 /* AROverlayAnimation.m in Sources */,
				435E154916B77FE200CC8DA3 /* ARManager.m in Sources */,
				435E154A16B77FE200CC8DA3 /* AROverlayUtil.m in Sources */,
				435E154C16B77FE200CC8DA3 /* ASIHTTPRequest+JSONAdditions.m in Sources */,
				435E154D16B77FE200CC8DA3 /* NSData+Base64Encode.m in Sources */,
				435E154E16B77FE200CC8DA3 /* UIView+ContentScaling.m in Sources */,
				435E154F16B77FE200CC8DA3 /* UIViewAdditions.m in Sources */,
				435E155016B77FE200CC8DA3 /* AROverlayCreatorViewController.m in Sources */,
				435E155216B77FE200CC8DA3 /* AROverlayDataEditorViewController.m in Sources */,
				435E155416B77FE200CC8DA3 /* ARPhotoViewController.m in Sources */,
				435E155716B77FE200CC8DA3 /* ASIAuthenticationDialog.m in Sources */,
				435E155816B77FE200CC8DA3 /* ASIDataCompressor.m in Sources */,
				435E155916B77FE200CC8DA3 /* ASIDataDecompressor.m in Sources */,
				435E155A16B77FE200CC8DA3 /* ASIDownloadCache.m in Sources */,
				435E155B16B77FE200CC8DA3 /* ASIFormDataRequest.m in Sources */,
				435E155C16B77FE200CC8DA3 /* ASIHTTPRequest.m in Sources */,
				435E155D16B77FE200CC8DA3 /* ASIInputStream.m in Sources */,
				435E155E16B77FE200CC8DA3 /* ASINetworkQueue.m in Sources */,
				435E156216B77FE200CC8DA3 /* Reachability.m in Sources */,
				435E156316B77FE200CC8DA3 /* NSObject+SBJSON.m in Sources */,
				435E156416B77FE200CC8DA3 /* NSString+SBJSON.m in Sources */,
				435E156516B77FE200CC8DA3 /* SBJSON.m in Sources */,
				435E156616B77FE200CC8DA3 /* SBJsonBase.m in Sources */,
				435E156716B77FE200CC8DA3 /* SBJsonParser.m in Sources */,
				435E156816B77FE200CC8DA3 /* SBJsonWriter.m in Sources */,
				435E156A16B77FE200CC8DA3 /* ARAugmentedPhoto.m in Sources */,
				435E156B16B77FE200CC8DA3 /* AROverlay.m in Sources */,
				435E156C16B77FE200CC8DA3 /* AROverlayPoint.m in Sources */,
				435E156D16B77FE200CC8DA3 /* ARSite.m in Sources */,
				435E156E16B77FE200CC8DA3 /* ARSiteImage.m in Sources */,
				435E156F16B77FE200CC8DA3 /* ARSiteOverlayPoint.m in Sources */,
				435E157116B77FE200CC8DA3 /* AdOverlayView.m in Sources */,
				435E157216B77FE200CC8DA3 /* ARAugmentedView.m in Sources */,
				435E157316B77FE200CC8DA3 /* AROverlayBuilderAnnotationView.m in Sources */,
				435E157416B77FE200CC8DA3 /* AROverlayBuilderView.m in Sources */,
				435E157516B77FE200CC8DA3 /* AROverlayView.m in Sources */,
				435E157616B77FE200CC8DA3 /* CachedImageView.m in Sources */,
				435E157716B77FE200CC8DA3 /* GRCameraOverlayView.m in Sources */,
				435E157816B77FE200CC8DA3 /* GridCellView.m in Sources */,
				435E157916B77FE200CC8DA3 /* GridView.m in Sources */,
				435E157A16B77FE200CC8DA3 /* PointCloudView.m in Sources */,
			);
			runOnlyForDeploymentPostprocessing = 0;
		};
/* End PBXSourcesBuildPhase section */

/* Begin PBXVariantGroup section */
		4351D0C016B4C5DB0039FE88 /* InfoPlist.strings */ = {
			isa = PBXVariantGroup;
			children = (
				4351D0C116B4C5DB0039FE88 /* en */,
			);
			name = InfoPlist.strings;
			sourceTree = "<group>";
		};
/* End PBXVariantGroup section */

/* Begin XCBuildConfiguration section */
		4351D0E316B4C5DB0039FE88 /* Debug */ = {
			isa = XCBuildConfiguration;
			buildSettings = {
				ALWAYS_SEARCH_USER_PATHS = NO;
				CLANG_CXX_LANGUAGE_STANDARD = "gnu++0x";
				CLANG_CXX_LIBRARY = "libc++";
				CLANG_ENABLE_OBJC_ARC = YES;
				CLANG_WARN_EMPTY_BODY = YES;
				CLANG_WARN__DUPLICATE_METHOD_MATCH = YES;
				"CODE_SIGN_IDENTITY[sdk=iphoneos*]" = "iPhone Developer";
				COPY_PHASE_STRIP = NO;
				GCC_C_LANGUAGE_STANDARD = gnu99;
				GCC_DYNAMIC_NO_PIC = NO;
				GCC_OPTIMIZATION_LEVEL = 0;
				GCC_PREPROCESSOR_DEFINITIONS = (
					"DEBUG=1",
					"$(inherited)",
				);
				GCC_SYMBOLS_PRIVATE_EXTERN = NO;
				GCC_WARN_ABOUT_RETURN_TYPE = YES;
				GCC_WARN_UNINITIALIZED_AUTOS = YES;
				GCC_WARN_UNUSED_VARIABLE = YES;
				IPHONEOS_DEPLOYMENT_TARGET = 6.0;
				ONLY_ACTIVE_ARCH = YES;
				SDKROOT = iphoneos;
			};
			name = Debug;
		};
		4351D0E416B4C5DB0039FE88 /* Release */ = {
			isa = XCBuildConfiguration;
			buildSettings = {
				ALWAYS_SEARCH_USER_PATHS = NO;
				CLANG_CXX_LANGUAGE_STANDARD = "gnu++0x";
				CLANG_CXX_LIBRARY = "libc++";
				CLANG_ENABLE_OBJC_ARC = YES;
				CLANG_WARN_EMPTY_BODY = YES;
				CLANG_WARN__DUPLICATE_METHOD_MATCH = YES;
				"CODE_SIGN_IDENTITY[sdk=iphoneos*]" = "iPhone Developer";
				COPY_PHASE_STRIP = YES;
				GCC_C_LANGUAGE_STANDARD = gnu99;
				GCC_WARN_ABOUT_RETURN_TYPE = YES;
				GCC_WARN_UNINITIALIZED_AUTOS = YES;
				GCC_WARN_UNUSED_VARIABLE = YES;
				IPHONEOS_DEPLOYMENT_TARGET = 6.0;
				OTHER_CFLAGS = "-DNS_BLOCK_ASSERTIONS=1";
				SDKROOT = iphoneos;
				VALIDATE_PRODUCT = YES;
			};
			name = Release;
		};
		4351D0E616B4C5DB0039FE88 /* Debug */ = {
			isa = XCBuildConfiguration;
			buildSettings = {
				GCC_PRECOMPILE_PREFIX_HEADER = YES;
				GCC_PREFIX_HEADER = "PARViewer/PARViewer-Prefix.pch";
				INFOPLIST_FILE = "PARViewer/PARViewer-Info.plist";
				PRODUCT_NAME = "$(TARGET_NAME)";
				WRAPPER_EXTENSION = app;
			};
			name = Debug;
		};
		4351D0E716B4C5DB0039FE88 /* Release */ = {
			isa = XCBuildConfiguration;
			buildSettings = {
				GCC_PRECOMPILE_PREFIX_HEADER = YES;
				GCC_PREFIX_HEADER = "PARViewer/PARViewer-Prefix.pch";
				INFOPLIST_FILE = "PARViewer/PARViewer-Info.plist";
				PRODUCT_NAME = "$(TARGET_NAME)";
				WRAPPER_EXTENSION = app;
			};
			name = Release;
		};
/* End XCBuildConfiguration section */

/* Begin XCConfigurationList section */
		4351D0AD16B4C5DB0039FE88 /* Build configuration list for PBXProject "PARViewer" */ = {
			isa = XCConfigurationList;
			buildConfigurations = (
				4351D0E316B4C5DB0039FE88 /* Debug */,
				4351D0E416B4C5DB0039FE88 /* Release */,
			);
			defaultConfigurationIsVisible = 0;
			defaultConfigurationName = Release;
		};
		4351D0E516B4C5DB0039FE88 /* Build configuration list for PBXNativeTarget "PARViewer" */ = {
			isa = XCConfigurationList;
			buildConfigurations = (
				4351D0E616B4C5DB0039FE88 /* Debug */,
				4351D0E716B4C5DB0039FE88 /* Release */,
			);
			defaultConfigurationIsVisible = 0;
			defaultConfigurationName = Release;
		};
/* End XCConfigurationList section */
	};
	rootObject = 4351D0AA16B4C5DB0039FE88 /* Project object */;
}
